
Microsoft Visual Studio Solution File, Format Version 12.00
# Visual Studio Version 17
VisualStudioVersion = 17.5.002.0
MinimumVisualStudioVersion = 10.0.40219.1
Project("{9A19103F-16F7-4668-BE54-9A1E7A4F7556}") = "FunctionChallenges", "FunctionChallenges.csproj", "{558EAF60-B97B-42DB-BE8A-B7C26F37A138}"
EndProject
Global
	GlobalSection(SolutionConfigurationPlatforms) = preSolution
		Debug|Any CPU = Debug|Any CPU
		Release|Any CPU = Release|Any CPU
	EndGlobalSection
	GlobalSection(ProjectConfigurationPlatforms) = postSolution
		{558EAF60-B97B-42DB-BE8A-B7C26F37A138}.Debug|Any CPU.ActiveCfg = Debug|Any CPU
		{558EAF60-B97B-42DB-BE8A-B7C26F37A138}.Debug|Any CPU.Build.0 = Debug|Any CPU
		{558EAF60-B97B-42DB-BE8A-B7C26F37A138}.Release|Any CPU.ActiveCfg = Release|Any CPU
		{558EAF60-B97B-42DB-BE8A-B7C26F37A138}.Release|Any CPU.Build.0 = Release|Any CPU
	EndGlobalSection
	GlobalSection(SolutionProperties) = preSolution
		HideSolutionNode = FALSE
	EndGlobalSection
	GlobalSection(ExtensibilityGlobals) = postSolution
		SolutionGuid = {A702338B-5DA7-42AD-8286-1659232B7C1B}
	EndGlobalSection
EndGlobal
